{
  "name": "music-converter",
  "version": "1.0.0",
  "lockfileVersion": 3,
  "requires": true,
  "packages": {
    "": {
      "name": "music-converter",
      "version": "1.0.0",
      "license": "ISC",
      "dependencies": {},
      "devDependencies": {
        "electron": "^41.5.0",
        "electron-builder": "^26.8.1",
        "ffmpeg-static": "^5.3.0",
        "react": "^19.2.5",
        "react-dom": "^19.2.5",
        "react-scripts": "^5.0.1"
      }
    }
  }
}
